# This file is automatically @generated by Cargo.
# It is not intended for manual editing.
version = 3

[[package]]
name = "RUSTSEC-2021-0042"
version = "0.1.0"
dependencies = [
 "insert_many",
]

[[package]]
name = "insert_many"
version = "0.1.1"
dependencies = [
 "smallvec",
]

[[package]]
name = "smallvec"
version = "0.2.1"
source = "registry+https://github.com/rust-lang/crates.io-index"
checksum = "4c8cbcd6df1e117c2210e13ab5109635ad68a929fcbb8964dc965b76cb5ee013"
