# This file is automatically @generated by Cargo.
# It is not intended for manual editing.
version = 3

[[package]]
name = "RUSTSEC-2021-0053"
version = "0.1.0"
dependencies = [
 "algorithmica",
]

[[package]]
name = "algorithmica"
version = "0.1.8"
source = "registry+https://github.com/rust-lang/crates.io-index"
checksum = "8e733167888f733e95e8882c338afe3d205959f73fda487bb3b731c60df13f47"
