# This file is automatically @generated by Cargo.
# It is not intended for manual editing.
version = 3

[[package]]
name = "RUSTSEC-2021-0028"
version = "0.1.0"
dependencies = [
 "toodee",
]

[[package]]
name = "toodee"
version = "0.2.4"
source = "registry+https://github.com/rust-lang/crates.io-index"
checksum = "e24fe87ee1a6ecdf74433976cfc48a2cf17b7803d2fcc8dd9472b008b9fbac09"
