# This file is automatically @generated by Cargo.
# It is not intended for manual editing.
version = 3

[[package]]
name = "RUSTSEC-2021-0018"
version = "0.1.0"
dependencies = [
 "qwutils",
]

[[package]]
name = "boolinator"
version = "2.4.0"
source = "registry+https://github.com/rust-lang/crates.io-index"
checksum = "cfa8873f51c92e232f9bac4065cddef41b714152812bfc5f7672ba16d6ef8cd9"

[[package]]
name = "qwutils"
version = "0.3.0"
source = "registry+https://github.com/rust-lang/crates.io-index"
checksum = "816ad22c8b84410df76a394cfb37aa1687479e3e8783b7afe5bd0e631b004137"
dependencies = [
 "boolinator",
]
