# This file is automatically @generated by Cargo.
# It is not intended for manual editing.
version = 3

[[package]]
name = "RUSTSEC-2020-0039"
version = "0.1.0"
dependencies = [
 "simple-slab",
]

[[package]]
name = "libc"
version = "0.2.152"
source = "registry+https://github.com/rust-lang/crates.io-index"
checksum = "13e3bf6590cbc649f4d1a3eefc9d5d6eb746f5200ffb04e5e142700b8faa56e7"

[[package]]
name = "simple-slab"
version = "0.3.2"
source = "registry+https://github.com/rust-lang/crates.io-index"
checksum = "25a0f01b0c278c72b907e325da64d8af11b4b5e16bb0d8eeb9a9dc4953aa1024"
dependencies = [
 "libc",
]
