# This file is automatically @generated by Cargo.
# It is not intended for manual editing.
version = 3

[[package]]
name = "RUSTSEC-2021-0033"
version = "0.1.0"
dependencies = [
 "stack_dst",
]

[[package]]
name = "stack_dst"
version = "0.6.0"
source = "registry+https://github.com/rust-lang/crates.io-index"
checksum = "86d5e1dc9a5f4ac56709c87eeeacd25cb58eca03f4d6a3103ef65b6beb9307eb"
